// !$*UTF8*$!
{
	archiveVersion = 1;
	classes = {
	};
	objectVersion = 55;
	objects = {

/* Begin PBXBuildFile section */
		4D89043717AE8291C8CBE2DB /* Pods_BACtrackByDreamTeam2Tests.framework in Frameworks */ = {isa = PBXBuildFile; fileRef = DAD6D63198374124A901FBBA /* Pods_BACtrackByDreamTeam2Tests.framework */; };
		AF91CB357B005439FC552AFA /* Pods_BACtrackByDreamTeam2_BACtrackByDreamTeam2UITests.framework in Frameworks */ = {isa = PBXBuildFile; fileRef = D5D0556165B104C2D73060F1 /* Pods_BACtrackByDreamTeam2_BACtrackByDreamTeam2UITests.framework */; };
		BF2D59F72B2B2957000D26B2 /* SendListViewCell.m in Sources */ = {isa = PBXBuildFile; fileRef = BF2D59F62B2B2957000D26B2 /* SendListViewCell.m */; };
		BF2D59F92B2B2975000D26B2 /* SendListViewCell.xib in Resources */ = {isa = PBXBuildFile; fileRef = BF2D59F82B2B2975000D26B2 /* SendListViewCell.xib */; };
		BF322D4C2B2BED78005E350D /* TransmissionContentView.m in Sources */ = {isa = PBXBuildFile; fileRef = BF322D4B2B2BED78005E350D /* TransmissionContentView.m */; };
		BF322D4E2B2BED98005E350D /* TransmissionContentView.xib in Resources */ = {isa = PBXBuildFile; fileRef = BF322D4D2B2BED98005E350D /* TransmissionContentView.xib */; };
		BF322D512B2BF37A005E350D /* RealmLocalDataAlcoholResult.m in Sources */ = {isa = PBXBuildFile; fileRef = BF322D502B2BF37A005E350D /* RealmLocalDataAlcoholResult.m */; };
		F34BA3F22B19AE9C0037F55B /* delete.png in Resources */ = {isa = PBXBuildFile; fileRef = F34BA3F12B19AE9C0037F55B /* delete.png */; };
		F360D1352B14584A0085866A /* DrivingReportEditViewController.m in Sources */ = {isa = PBXBuildFile; fileRef = F360D1332B14584A0085866A /* DrivingReportEditViewController.m */; };
		F360D1362B14584A0085866A /* DrivingReportEditViewController.xib in Resources */ = {isa = PBXBuildFile; fileRef = F360D1342B14584A0085866A /* DrivingReportEditViewController.xib */; };
		F368C4EB27BE164600AE8A0A /* AppDelegate.m in Sources */ = {isa = PBXBuildFile; fileRef = F368C4EA27BE164600AE8A0A /* AppDelegate.m */; };
		F368C4F627BE165000AE8A0A /* Assets.xcassets in Resources */ = {isa = PBXBuildFile; fileRef = F368C4F527BE165000AE8A0A /* Assets.xcassets */; };
		F368C50627BE165000AE8A0A /* BACtrackByDreamTeam2Tests.m in Sources */ = {isa = PBXBuildFile; fileRef = F368C50527BE165000AE8A0A /* BACtrackByDreamTeam2Tests.m */; };
		F368C51027BE165000AE8A0A /* BACtrackByDreamTeam2UITests.m in Sources */ = {isa = PBXBuildFile; fileRef = F368C50F27BE165000AE8A0A /* BACtrackByDreamTeam2UITests.m */; };
		F368C51227BE165000AE8A0A /* BACtrackByDreamTeam2UITestsLaunchTests.m in Sources */ = {isa = PBXBuildFile; fileRef = F368C51127BE165000AE8A0A /* BACtrackByDreamTeam2UITestsLaunchTests.m */; };
		F374622027BE18E00047F6BF /* AgreementViewController.m in Sources */ = {isa = PBXBuildFile; fileRef = F374621D27BE18E00047F6BF /* AgreementViewController.m */; };
		F374622127BE18E00047F6BF /* AgreementViewController.xib in Resources */ = {isa = PBXBuildFile; fileRef = F374621E27BE18E00047F6BF /* AgreementViewController.xib */; };
		F374622427BE19340047F6BF /* AppConsts.m in Sources */ = {isa = PBXBuildFile; fileRef = F374622227BE19340047F6BF /* AppConsts.m */; };
		F374623227BE197C0047F6BF /* CarNoViewController.m in Sources */ = {isa = PBXBuildFile; fileRef = F374622827BE197C0047F6BF /* CarNoViewController.m */; };
		F374623327BE197C0047F6BF /* DriverViewController.xib in Resources */ = {isa = PBXBuildFile; fileRef = F374622927BE197C0047F6BF /* DriverViewController.xib */; };
		F374623427BE197C0047F6BF /* GPSViewController.m in Sources */ = {isa = PBXBuildFile; fileRef = F374622B27BE197C0047F6BF /* GPSViewController.m */; };
		F374623527BE197C0047F6BF /* CompanyViewController.xib in Resources */ = {isa = PBXBuildFile; fileRef = F374622C27BE197C0047F6BF /* CompanyViewController.xib */; };
		F374623627BE197C0047F6BF /* DriverViewController.m in Sources */ = {isa = PBXBuildFile; fileRef = F374622D27BE197C0047F6BF /* DriverViewController.m */; };
		F374623727BE197C0047F6BF /* GPSViewController.xib in Resources */ = {isa = PBXBuildFile; fileRef = F374622E27BE197C0047F6BF /* GPSViewController.xib */; };
		F374623827BE197C0047F6BF /* CompanyViewController.m in Sources */ = {isa = PBXBuildFile; fileRef = F374623027BE197C0047F6BF /* CompanyViewController.m */; };
		F374623927BE197C0047F6BF /* CarNoViewController.xib in Resources */ = {isa = PBXBuildFile; fileRef = F374623127BE197C0047F6BF /* CarNoViewController.xib */; };
		F374624627BE19970047F6BF /* MyButton.m in Sources */ = {isa = PBXBuildFile; fileRef = F374623A27BE19960047F6BF /* MyButton.m */; };
		F374624727BE19970047F6BF /* MainViewController.xib in Resources */ = {isa = PBXBuildFile; fileRef = F374623B27BE19960047F6BF /* MainViewController.xib */; };
		F374624827BE19970047F6BF /* InspectionViewController.xib in Resources */ = {isa = PBXBuildFile; fileRef = F374623C27BE19960047F6BF /* InspectionViewController.xib */; };
		F374624927BE19970047F6BF /* ResultViewController.m in Sources */ = {isa = PBXBuildFile; fileRef = F374623E27BE19960047F6BF /* ResultViewController.m */; };
		F374624A27BE19970047F6BF /* MainViewController.m in Sources */ = {isa = PBXBuildFile; fileRef = F374623F27BE19960047F6BF /* MainViewController.m */; };
		F374624B27BE19970047F6BF /* InspectionViewController.m in Sources */ = {isa = PBXBuildFile; fileRef = F374624327BE19960047F6BF /* InspectionViewController.m */; };
		F374624C27BE19970047F6BF /* ResultViewController.xib in Resources */ = {isa = PBXBuildFile; fileRef = F374624427BE19960047F6BF /* ResultViewController.xib */; };
		F374624D27BE19970047F6BF /* main.m in Sources */ = {isa = PBXBuildFile; fileRef = F374624527BE19970047F6BF /* main.m */; };
		F374624F27BE19C10047F6BF /* Default-568h@2x.png in Resources */ = {isa = PBXBuildFile; fileRef = F374624E27BE19C10047F6BF /* Default-568h@2x.png */; };
		F39C7D7C2ADD0D6E00885F9E /* MenuViewController.m in Sources */ = {isa = PBXBuildFile; fileRef = F39C7D7A2ADD0D6E00885F9E /* MenuViewController.m */; };
		F39C7D7D2ADD0D6E00885F9E /* MenuViewController.xib in Resources */ = {isa = PBXBuildFile; fileRef = F39C7D7B2ADD0D6E00885F9E /* MenuViewController.xib */; };
		F3A049432B141BAD008473E4 /* RealmLocalDataDrivingReport.m in Sources */ = {isa = PBXBuildFile; fileRef = F3A049422B141BAD008473E4 /* RealmLocalDataDrivingReport.m */; };
		F3A049452B141C48008473E4 /* RealmLocalDataDrivingReportDestination.m in Sources */ = {isa = PBXBuildFile; fileRef = F3A049442B141C48008473E4 /* RealmLocalDataDrivingReportDestination.m */; };
		F3A049472B141C6B008473E4 /* RealmLocalDataDrivingReportDetail.m in Sources */ = {isa = PBXBuildFile; fileRef = F3A049462B141C6B008473E4 /* RealmLocalDataDrivingReportDetail.m */; };
		F3A268F62ADE06680095CF1C /* DrivingReportViewController.m in Sources */ = {isa = PBXBuildFile; fileRef = F3A268F42ADE06680095CF1C /* DrivingReportViewController.m */; };
		F3A268F72ADE06680095CF1C /* DrivingReportViewController.xib in Resources */ = {isa = PBXBuildFile; fileRef = F3A268F52ADE06680095CF1C /* DrivingReportViewController.xib */; };
		F3A268FB2ADE06DB0095CF1C /* SendListViewController.m in Sources */ = {isa = PBXBuildFile; fileRef = F3A268F92ADE06DB0095CF1C /* SendListViewController.m */; };
		F3A268FC2ADE06DB0095CF1C /* SendListViewController.xib in Resources */ = {isa = PBXBuildFile; fileRef = F3A268FA2ADE06DB0095CF1C /* SendListViewController.xib */; };
		F3A269002ADE06FF0095CF1C /* ReminderViewController.m in Sources */ = {isa = PBXBuildFile; fileRef = F3A268FE2ADE06FF0095CF1C /* ReminderViewController.m */; };
		F3A269012ADE06FF0095CF1C /* ReminderViewController.xib in Resources */ = {isa = PBXBuildFile; fileRef = F3A268FF2ADE06FF0095CF1C /* ReminderViewController.xib */; };
		F3A3E0F32B1D64DA00152D35 /* DrivingReportDetailViewController.m in Sources */ = {isa = PBXBuildFile; fileRef = F3A3E0F12B1D64DA00152D35 /* DrivingReportDetailViewController.m */; };
		F3A3E0F42B1D64DA00152D35 /* DrivingReportDetailViewController.xib in Resources */ = {isa = PBXBuildFile; fileRef = F3A3E0F22B1D64DA00152D35 /* DrivingReportDetailViewController.xib */; };
		F3A3E0F82B1D690A00152D35 /* DrivingReportDetailViewCell.m in Sources */ = {isa = PBXBuildFile; fileRef = F3A3E0F62B1D690A00152D35 /* DrivingReportDetailViewCell.m */; };
		F3A3E0F92B1D690A00152D35 /* DrivingReportDetailViewCell.xib in Resources */ = {isa = PBXBuildFile; fileRef = F3A3E0F72B1D690A00152D35 /* DrivingReportDetailViewCell.xib */; };
		F3A651BF2B1FFD470089E30C /* DrivingReportDetailEditViewController.m in Sources */ = {isa = PBXBuildFile; fileRef = F3A651BD2B1FFD470089E30C /* DrivingReportDetailEditViewController.m */; };
		F3A651C02B1FFD470089E30C /* DrivingReportDetailEditViewController.xib in Resources */ = {isa = PBXBuildFile; fileRef = F3A651BE2B1FFD470089E30C /* DrivingReportDetailEditViewController.xib */; };
		F3A651C42B2011430089E30C /* DrivingReportDestinationViewController.m in Sources */ = {isa = PBXBuildFile; fileRef = F3A651C22B2011430089E30C /* DrivingReportDestinationViewController.m */; };
		F3A651C52B2011430089E30C /* DrivingReportDestinationViewController.xib in Resources */ = {isa = PBXBuildFile; fileRef = F3A651C32B2011430089E30C /* DrivingReportDestinationViewController.xib */; };
		F3A651C92B20117B0089E30C /* DrivingReportDestinationViewCell.m in Sources */ = {isa = PBXBuildFile; fileRef = F3A651C72B20117B0089E30C /* DrivingReportDestinationViewCell.m */; };
		F3A651CA2B20117B0089E30C /* DrivingReportDestinationViewCell.xib in Resources */ = {isa = PBXBuildFile; fileRef = F3A651C82B20117B0089E30C /* DrivingReportDestinationViewCell.xib */; };
		F3AD8E3D2C340B6E001EEDA8 /* RealmSwift in Frameworks */ = {isa = PBXBuildFile; productRef = F3AD8E3C2C340B6E001EEDA8 /* RealmSwift */; };
		F3AD8E3E2C340B6E001EEDA8 /* RealmSwift in Embed Frameworks */ = {isa = PBXBuildFile; productRef = F3AD8E3C2C340B6E001EEDA8 /* RealmSwift */; settings = {ATTRIBUTES = (CodeSignOnCopy, ); }; };
		F3B625092E7ABB0B00F55E05 /* SceneDelegate.m in Sources */ = {isa = PBXBuildFile; fileRef = F3B625082E7ABB0800F55E05 /* SceneDelegate.m */; };
		F3B870A92AFDBC4E00CB48DF /* DrivingReportViewCell.m in Sources */ = {isa = PBXBuildFile; fileRef = F3B870A72AFDBC4E00CB48DF /* DrivingReportViewCell.m */; };
		F3B870AA2AFDBC4E00CB48DF /* DrivingReportViewCell.xib in Resources */ = {isa = PBXBuildFile; fileRef = F3B870A82AFDBC4E00CB48DF /* DrivingReportViewCell.xib */; };
		F3D73C9328B37D3D00224F40 /* DrivingDivViewController.m in Sources */ = {isa = PBXBuildFile; fileRef = F3D73C9228B37D3D00224F40 /* DrivingDivViewController.m */; };
		F3D73C9528B3802B00224F40 /* DrivingDivViewController.xib in Resources */ = {isa = PBXBuildFile; fileRef = F3D73C9428B3802B00224F40 /* DrivingDivViewController.xib */; };
		F3D97F4F2C16EFDA00339FD7 /* Pods_BACtrackByDreamTeam2.framework in Frameworks */ = {isa = PBXBuildFile; fileRef = 52A19601CCF6C63B220FCD24 /* Pods_BACtrackByDreamTeam2.framework */; };
		F3D97F512C16EFF300339FD7 /* SystemConfiguration.framework in Frameworks */ = {isa = PBXBuildFile; fileRef = BFF10A662B3B971600C6A4B1 /* SystemConfiguration.framework */; };
		F3D97F532C16EFF400339FD7 /* EventKitUI.framework in Frameworks */ = {isa = PBXBuildFile; fileRef = BF322D542B2C62F3005E350D /* EventKitUI.framework */; };
		F3D97F552C16EFF600339FD7 /* EventKit.framework in Frameworks */ = {isa = PBXBuildFile; fileRef = BF322D522B2C62E4005E350D /* EventKit.framework */; };
/* End PBXBuildFile section */

/* Begin PBXContainerItemProxy section */
		F368C50227BE165000AE8A0A /* PBXContainerItemProxy */ = {
			isa = PBXContainerItemProxy;
			containerPortal = F368C4DE27BE164600AE8A0A /* Project object */;
			proxyType = 1;
			remoteGlobalIDString = F368C4E527BE164600AE8A0A;
			remoteInfo = BACtrackByDreamTeam2;
		};
		F368C50C27BE165000AE8A0A /* PBXContainerItemProxy */ = {
			isa = PBXContainerItemProxy;
			containerPortal = F368C4DE27BE164600AE8A0A /* Project object */;
			proxyType = 1;
			remoteGlobalIDString = F368C4E527BE164600AE8A0A;
			remoteInfo = BACtrackByDreamTeam2;
		};
/* End PBXContainerItemProxy section */

/* Begin PBXCopyFilesBuildPhase section */
		F3C619A92C16D7FE00DD1CBD /* Embed Frameworks */ = {
			isa = PBXCopyFilesBuildPhase;
			buildActionMask = 2147483647;
			dstPath = "";
			dstSubfolderSpec = 10;
			files = (
				F3AD8E3E2C340B6E001EEDA8 /* RealmSwift in Embed Frameworks */,
			);
			name = "Embed Frameworks";
			runOnlyForDeploymentPostprocessing = 0;
		};
/* End PBXCopyFilesBuildPhase section */

/* Begin PBXFileReference section */
		1522137F295ADDD4606C6F1E /* Pods-BACtrackByDreamTeam2Tests.debug.xcconfig */ = {isa = PBXFileReference; includeInIndex = 1; lastKnownFileType = text.xcconfig; name = "Pods-BACtrackByDreamTeam2Tests.debug.xcconfig"; path = "Target Support Files/Pods-BACtrackByDreamTeam2Tests/Pods-BACtrackByDreamTeam2Tests.debug.xcconfig"; sourceTree = "<group>"; };
		3F25F400DE15F0D59AE2386E /* Pods-BACtrackByDreamTeam2.debug.xcconfig */ = {isa = PBXFileReference; includeInIndex = 1; lastKnownFileType = text.xcconfig; name = "Pods-BACtrackByDreamTeam2.debug.xcconfig"; path = "Target Support Files/Pods-BACtrackByDreamTeam2/Pods-BACtrackByDreamTeam2.debug.xcconfig"; sourceTree = "<group>"; };
		52A19601CCF6C63B220FCD24 /* Pods_BACtrackByDreamTeam2.framework */ = {isa = PBXFileReference; explicitFileType = wrapper.framework; includeInIndex = 0; path = Pods_BACtrackByDreamTeam2.framework; sourceTree = BUILT_PRODUCTS_DIR; };
		52FE6D7A75EE879925D358E8 /* Pods-BACtrackByDreamTeam2-BACtrackByDreamTeam2UITests.debug.xcconfig */ = {isa = PBXFileReference; includeInIndex = 1; lastKnownFileType = text.xcconfig; name = "Pods-BACtrackByDreamTeam2-BACtrackByDreamTeam2UITests.debug.xcconfig"; path = "Target Support Files/Pods-BACtrackByDreamTeam2-BACtrackByDreamTeam2UITests/Pods-BACtrackByDreamTeam2-BACtrackByDreamTeam2UITests.debug.xcconfig"; sourceTree = "<group>"; };
		5E2DC0FD4AB9D5AA19039E97 /* Pods-BACtrackByDreamTeam2-BACtrackByDreamTeam2UITests.release.xcconfig */ = {isa = PBXFileReference; includeInIndex = 1; lastKnownFileType = text.xcconfig; name = "Pods-BACtrackByDreamTeam2-BACtrackByDreamTeam2UITests.release.xcconfig"; path = "Target Support Files/Pods-BACtrackByDreamTeam2-BACtrackByDreamTeam2UITests/Pods-BACtrackByDreamTeam2-BACtrackByDreamTeam2UITests.release.xcconfig"; sourceTree = "<group>"; };
		9CB5671360F1066B916C4FFD /* Pods-BACtrackByDreamTeam2.release.xcconfig */ = {isa = PBXFileReference; includeInIndex = 1; lastKnownFileType = text.xcconfig; name = "Pods-BACtrackByDreamTeam2.release.xcconfig"; path = "Target Support Files/Pods-BACtrackByDreamTeam2/Pods-BACtrackByDreamTeam2.release.xcconfig"; sourceTree = "<group>"; };
		AAA14D1D981CBC86363C4992 /* Pods-BACtrackByDreamTeam2Tests.release.xcconfig */ = {isa = PBXFileReference; includeInIndex = 1; lastKnownFileType = text.xcconfig; name = "Pods-BACtrackByDreamTeam2Tests.release.xcconfig"; path = "Target Support Files/Pods-BACtrackByDreamTeam2Tests/Pods-BACtrackByDreamTeam2Tests.release.xcconfig"; sourceTree = "<group>"; };
		BF0E70FF2B2853B4005F6308 /* CoreAudio.framework */ = {isa = PBXFileReference; lastKnownFileType = wrapper.framework; name = CoreAudio.framework; path = System/Library/Frameworks/CoreAudio.framework; sourceTree = SDKROOT; };
		BF0E71012B2854E2005F6308 /* CoreAudioTypes.framework */ = {isa = PBXFileReference; lastKnownFileType = wrapper.framework; name = CoreAudioTypes.framework; path = System/Library/Frameworks/CoreAudioTypes.framework; sourceTree = SDKROOT; };
		BF2D59F52B2B2936000D26B2 /* SendListViewCell.h */ = {isa = PBXFileReference; lastKnownFileType = sourcecode.c.h; path = SendListViewCell.h; sourceTree = "<group>"; };
		BF2D59F62B2B2957000D26B2 /* SendListViewCell.m */ = {isa = PBXFileReference; lastKnownFileType = sourcecode.c.objc; path = SendListViewCell.m; sourceTree = "<group>"; };
		BF2D59F82B2B2975000D26B2 /* SendListViewCell.xib */ = {isa = PBXFileReference; lastKnownFileType = file.xib; path = SendListViewCell.xib; sourceTree = "<group>"; };
		BF322D4A2B2BED55005E350D /* TransmissionContentView.h */ = {isa = PBXFileReference; lastKnownFileType = sourcecode.c.h; path = TransmissionContentView.h; sourceTree = "<group>"; };
		BF322D4B2B2BED78005E350D /* TransmissionContentView.m */ = {isa = PBXFileReference; lastKnownFileType = sourcecode.c.objc; path = TransmissionContentView.m; sourceTree = "<group>"; };
		BF322D4D2B2BED98005E350D /* TransmissionContentView.xib */ = {isa = PBXFileReference; lastKnownFileType = file.xib; path = TransmissionContentView.xib; sourceTree = "<group>"; };
		BF322D4F2B2BF367005E350D /* RealmLocalDataAlcoholResult.h */ = {isa = PBXFileReference; lastKnownFileType = sourcecode.c.h; path = RealmLocalDataAlcoholResult.h; sourceTree = "<group>"; };
		BF322D502B2BF37A005E350D /* RealmLocalDataAlcoholResult.m */ = {isa = PBXFileReference; lastKnownFileType = sourcecode.c.objc; path = RealmLocalDataAlcoholResult.m; sourceTree = "<group>"; };
		BF322D522B2C62E4005E350D /* EventKit.framework */ = {isa = PBXFileReference; lastKnownFileType = wrapper.framework; name = EventKit.framework; path = System/Library/Frameworks/EventKit.framework; sourceTree = SDKROOT; };
		BF322D542B2C62F3005E350D /* EventKitUI.framework */ = {isa = PBXFileReference; lastKnownFileType = wrapper.framework; name = EventKitUI.framework; path = System/Library/Frameworks/EventKitUI.framework; sourceTree = SDKROOT; };
		BFF10A662B3B971600C6A4B1 /* SystemConfiguration.framework */ = {isa = PBXFileReference; lastKnownFileType = wrapper.framework; name = SystemConfiguration.framework; path = System/Library/Frameworks/SystemConfiguration.framework; sourceTree = SDKROOT; };
		D5D0556165B104C2D73060F1 /* Pods_BACtrackByDreamTeam2_BACtrackByDreamTeam2UITests.framework */ = {isa = PBXFileReference; explicitFileType = wrapper.framework; includeInIndex = 0; path = Pods_BACtrackByDreamTeam2_BACtrackByDreamTeam2UITests.framework; sourceTree = BUILT_PRODUCTS_DIR; };
		DAD6D63198374124A901FBBA /* Pods_BACtrackByDreamTeam2Tests.framework */ = {isa = PBXFileReference; explicitFileType = wrapper.framework; includeInIndex = 0; path = Pods_BACtrackByDreamTeam2Tests.framework; sourceTree = BUILT_PRODUCTS_DIR; };
		F31247ED2AF888C50015746D /* RealmLocalDataDrivingReportDestination.h */ = {isa = PBXFileReference; lastKnownFileType = sourcecode.c.h; path = RealmLocalDataDrivingReportDestination.h; sourceTree = "<group>"; };
		F31247EE2AF888E00015746D /* RealmLocalDataDrivingReportDetail.h */ = {isa = PBXFileReference; lastKnownFileType = sourcecode.c.h; path = RealmLocalDataDrivingReportDetail.h; sourceTree = "<group>"; };
		F34BA3F12B19AE9C0037F55B /* delete.png */ = {isa = PBXFileReference; lastKnownFileType = image.png; path = delete.png; sourceTree = "<group>"; };
		F360D1322B14584A0085866A /* DrivingReportEditViewController.h */ = {isa = PBXFileReference; lastKnownFileType = sourcecode.c.h; path = DrivingReportEditViewController.h; sourceTree = "<group>"; };
		F360D1332B14584A0085866A /* DrivingReportEditViewController.m */ = {isa = PBXFileReference; lastKnownFileType = sourcecode.c.objc; path = DrivingReportEditViewController.m; sourceTree = "<group>"; };
		F360D1342B14584A0085866A /* DrivingReportEditViewController.xib */ = {isa = PBXFileReference; lastKnownFileType = file.xib; path = DrivingReportEditViewController.xib; sourceTree = "<group>"; };
		F368C4E627BE164600AE8A0A /* BACtrackByDreamTeam2.app */ = {isa = PBXFileReference; explicitFileType = wrapper.application; includeInIndex = 0; path = BACtrackByDreamTeam2.app; sourceTree = BUILT_PRODUCTS_DIR; };
		F368C4E927BE164600AE8A0A /* AppDelegate.h */ = {isa = PBXFileReference; lastKnownFileType = sourcecode.c.h; path = AppDelegate.h; sourceTree = "<group>"; };
		F368C4EA27BE164600AE8A0A /* AppDelegate.m */ = {isa = PBXFileReference; lastKnownFileType = sourcecode.c.objc; path = AppDelegate.m; sourceTree = "<group>"; };
		F368C4F527BE165000AE8A0A /* Assets.xcassets */ = {isa = PBXFileReference; lastKnownFileType = folder.assetcatalog; path = Assets.xcassets; sourceTree = "<group>"; };
		F368C50127BE165000AE8A0A /* BACtrackByDreamTeam2Tests.xctest */ = {isa = PBXFileReference; explicitFileType = wrapper.cfbundle; includeInIndex = 0; path = BACtrackByDreamTeam2Tests.xctest; sourceTree = BUILT_PRODUCTS_DIR; };
		F368C50527BE165000AE8A0A /* BACtrackByDreamTeam2Tests.m */ = {isa = PBXFileReference; lastKnownFileType = sourcecode.c.objc; path = BACtrackByDreamTeam2Tests.m; sourceTree = "<group>"; };
		F368C50B27BE165000AE8A0A /* BACtrackByDreamTeam2UITests.xctest */ = {isa = PBXFileReference; explicitFileType = wrapper.cfbundle; includeInIndex = 0; path = BACtrackByDreamTeam2UITests.xctest; sourceTree = BUILT_PRODUCTS_DIR; };
		F368C50F27BE165000AE8A0A /* BACtrackByDreamTeam2UITests.m */ = {isa = PBXFileReference; lastKnownFileType = sourcecode.c.objc; path = BACtrackByDreamTeam2UITests.m; sourceTree = "<group>"; };
		F368C51127BE165000AE8A0A /* BACtrackByDreamTeam2UITestsLaunchTests.m */ = {isa = PBXFileReference; lastKnownFileType = sourcecode.c.objc; path = BACtrackByDreamTeam2UITestsLaunchTests.m; sourceTree = "<group>"; };
		F374621D27BE18E00047F6BF /* AgreementViewController.m */ = {isa = PBXFileReference; fileEncoding = 4; lastKnownFileType = sourcecode.c.objc; path = AgreementViewController.m; sourceTree = "<group>"; };
		F374621E27BE18E00047F6BF /* AgreementViewController.xib */ = {isa = PBXFileReference; fileEncoding = 4; lastKnownFileType = file.xib; path = AgreementViewController.xib; sourceTree = "<group>"; };
		F374621F27BE18E00047F6BF /* AgreementViewController.h */ = {isa = PBXFileReference; fileEncoding = 4; lastKnownFileType = sourcecode.c.h; path = AgreementViewController.h; sourceTree = "<group>"; };
		F374622227BE19340047F6BF /* AppConsts.m */ = {isa = PBXFileReference; fileEncoding = 4; lastKnownFileType = sourcecode.c.objc; path = AppConsts.m; sourceTree = "<group>"; };
		F374622327BE19340047F6BF /* AppConsts.h */ = {isa = PBXFileReference; fileEncoding = 4; lastKnownFileType = sourcecode.c.h; path = AppConsts.h; sourceTree = "<group>"; };
		F374622627BE196A0047F6BF /* CarNoViewController.h */ = {isa = PBXFileReference; lastKnownFileType = sourcecode.c.h; path = CarNoViewController.h; sourceTree = "<group>"; };
		F374622727BE197C0047F6BF /* CompanyViewController.h */ = {isa = PBXFileReference; fileEncoding = 4; lastKnownFileType = sourcecode.c.h; path = CompanyViewController.h; sourceTree = "<group>"; };
		F374622827BE197C0047F6BF /* CarNoViewController.m */ = {isa = PBXFileReference; fileEncoding = 4; lastKnownFileType = sourcecode.c.objc; path = CarNoViewController.m; sourceTree = "<group>"; };
		F374622927BE197C0047F6BF /* DriverViewController.xib */ = {isa = PBXFileReference; fileEncoding = 4; lastKnownFileType = file.xib; path = DriverViewController.xib; sourceTree = "<group>"; };
		F374622A27BE197C0047F6BF /* GPSViewController.h */ = {isa = PBXFileReference; fileEncoding = 4; lastKnownFileType = sourcecode.c.h; path = GPSViewController.h; sourceTree = "<group>"; };
		F374622B27BE197C0047F6BF /* GPSViewController.m */ = {isa = PBXFileReference; fileEncoding = 4; lastKnownFileType = sourcecode.c.objc; path = GPSViewController.m; sourceTree = "<group>"; };
		F374622C27BE197C0047F6BF /* CompanyViewController.xib */ = {isa = PBXFileReference; fileEncoding = 4; lastKnownFileType = file.xib; path = CompanyViewController.xib; sourceTree = "<group>"; };
		F374622D27BE197C0047F6BF /* DriverViewController.m */ = {isa = PBXFileReference; fileEncoding = 4; lastKnownFileType = sourcecode.c.objc; path = DriverViewController.m; sourceTree = "<group>"; };
		F374622E27BE197C0047F6BF /* GPSViewController.xib */ = {isa = PBXFileReference; fileEncoding = 4; lastKnownFileType = file.xib; path = GPSViewController.xib; sourceTree = "<group>"; };
		F374622F27BE197C0047F6BF /* DriverViewController.h */ = {isa = PBXFileReference; fileEncoding = 4; lastKnownFileType = sourcecode.c.h; path = DriverViewController.h; sourceTree = "<group>"; };
		F374623027BE197C0047F6BF /* CompanyViewController.m */ = {isa = PBXFileReference; fileEncoding = 4; lastKnownFileType = sourcecode.c.objc; path = CompanyViewController.m; sourceTree = "<group>"; };
		F374623127BE197C0047F6BF /* CarNoViewController.xib */ = {isa = PBXFileReference; fileEncoding = 4; lastKnownFileType = file.xib; path = CarNoViewController.xib; sourceTree = "<group>"; };
		F374623A27BE19960047F6BF /* MyButton.m */ = {isa = PBXFileReference; fileEncoding = 4; lastKnownFileType = sourcecode.c.objc; path = MyButton.m; sourceTree = "<group>"; };
		F374623B27BE19960047F6BF /* MainViewController.xib */ = {isa = PBXFileReference; fileEncoding = 4; lastKnownFileType = file.xib; path = MainViewController.xib; sourceTree = "<group>"; };
		F374623C27BE19960047F6BF /* InspectionViewController.xib */ = {isa = PBXFileReference; fileEncoding = 4; lastKnownFileType = file.xib; path = InspectionViewController.xib; sourceTree = "<group>"; };
		F374623D27BE19960047F6BF /* InspectionViewController.h */ = {isa = PBXFileReference; fileEncoding = 4; lastKnownFileType = sourcecode.c.h; path = InspectionViewController.h; sourceTree = "<group>"; };
		F374623E27BE19960047F6BF /* ResultViewController.m */ = {isa = PBXFileReference; fileEncoding = 4; lastKnownFileType = sourcecode.c.objc; path = ResultViewController.m; sourceTree = "<group>"; };
		F374623F27BE19960047F6BF /* MainViewController.m */ = {isa = PBXFileReference; fileEncoding = 4; lastKnownFileType = sourcecode.c.objc; path = MainViewController.m; sourceTree = "<group>"; };
		F374624027BE19960047F6BF /* MyButton.h */ = {isa = PBXFileReference; fileEncoding = 4; lastKnownFileType = sourcecode.c.h; path = MyButton.h; sourceTree = "<group>"; };
		F374624127BE19960047F6BF /* ResultViewController.h */ = {isa = PBXFileReference; fileEncoding = 4; lastKnownFileType = sourcecode.c.h; path = ResultViewController.h; sourceTree = "<group>"; };
		F374624227BE19960047F6BF /* MainViewController.h */ = {isa = PBXFileReference; fileEncoding = 4; lastKnownFileType = sourcecode.c.h; path = MainViewController.h; sourceTree = "<group>"; };
		F374624327BE19960047F6BF /* InspectionViewController.m */ = {isa = PBXFileReference; fileEncoding = 4; lastKnownFileType = sourcecode.c.objc; path = InspectionViewController.m; sourceTree = "<group>"; };
		F374624427BE19960047F6BF /* ResultViewController.xib */ = {isa = PBXFileReference; fileEncoding = 4; lastKnownFileType = file.xib; path = ResultViewController.xib; sourceTree = "<group>"; };
		F374624527BE19970047F6BF /* main.m */ = {isa = PBXFileReference; fileEncoding = 4; lastKnownFileType = sourcecode.c.objc; path = main.m; sourceTree = "<group>"; };
		F374624E27BE19C10047F6BF /* Default-568h@2x.png */ = {isa = PBXFileReference; lastKnownFileType = image.png; path = "Default-568h@2x.png"; sourceTree = "<group>"; };
		F374625127BE19EA0047F6BF /* libBACtrackSDK.a */ = {isa = PBXFileReference; lastKnownFileType = archive.ar; name = libBACtrackSDK.a; path = lib/libBACtrackSDK.a; sourceTree = "<group>"; };
		F374625327BE19F50047F6BF /* CoreLocation.framework */ = {isa = PBXFileReference; lastKnownFileType = wrapper.framework; name = CoreLocation.framework; path = System/Library/Frameworks/CoreLocation.framework; sourceTree = SDKROOT; };
		F39C7D792ADD0D6E00885F9E /* MenuViewController.h */ = {isa = PBXFileReference; lastKnownFileType = sourcecode.c.h; path = MenuViewController.h; sourceTree = "<group>"; };
		F39C7D7A2ADD0D6E00885F9E /* MenuViewController.m */ = {isa = PBXFileReference; lastKnownFileType = sourcecode.c.objc; path = MenuViewController.m; sourceTree = "<group>"; };
		F39C7D7B2ADD0D6E00885F9E /* MenuViewController.xib */ = {isa = PBXFileReference; lastKnownFileType = file.xib; path = MenuViewController.xib; sourceTree = "<group>"; };
		F3A014AC2B04ACDC00703D8B /* RealmLocalDataDrivingReport.h */ = {isa = PBXFileReference; lastKnownFileType = sourcecode.c.h; path = RealmLocalDataDrivingReport.h; sourceTree = "<group>"; };
		F3A049422B141BAD008473E4 /* RealmLocalDataDrivingReport.m */ = {isa = PBXFileReference; lastKnownFileType = sourcecode.c.objc; path = RealmLocalDataDrivingReport.m; sourceTree = "<group>"; };
		F3A049442B141C48008473E4 /* RealmLocalDataDrivingReportDestination.m */ = {isa = PBXFileReference; lastKnownFileType = sourcecode.c.objc; path = RealmLocalDataDrivingReportDestination.m; sourceTree = "<group>"; };
		F3A049462B141C6B008473E4 /* RealmLocalDataDrivingReportDetail.m */ = {isa = PBXFileReference; lastKnownFileType = sourcecode.c.objc; path = RealmLocalDataDrivingReportDetail.m; sourceTree = "<group>"; };
		F3A268F32ADE06680095CF1C /* DrivingReportViewController.h */ = {isa = PBXFileReference; lastKnownFileType = sourcecode.c.h; path = DrivingReportViewController.h; sourceTree = "<group>"; };
		F3A268F42ADE06680095CF1C /* DrivingReportViewController.m */ = {isa = PBXFileReference; lastKnownFileType = sourcecode.c.objc; path = DrivingReportViewController.m; sourceTree = "<group>"; };
		F3A268F52ADE06680095CF1C /* DrivingReportViewController.xib */ = {isa = PBXFileReference; lastKnownFileType = file.xib; path = DrivingReportViewController.xib; sourceTree = "<group>"; };
		F3A268F82ADE06DB0095CF1C /* SendListViewController.h */ = {isa = PBXFileReference; lastKnownFileType = sourcecode.c.h; path = SendListViewController.h; sourceTree = "<group>"; };
		F3A268F92ADE06DB0095CF1C /* SendListViewController.m */ = {isa = PBXFileReference; lastKnownFileType = sourcecode.c.objc; path = SendListViewController.m; sourceTree = "<group>"; };
		F3A268FA2ADE06DB0095CF1C /* SendListViewController.xib */ = {isa = PBXFileReference; lastKnownFileType = file.xib; path = SendListViewController.xib; sourceTree = "<group>"; };
		F3A268FD2ADE06FF0095CF1C /* ReminderViewController.h */ = {isa = PBXFileReference; lastKnownFileType = sourcecode.c.h; path = ReminderViewController.h; sourceTree = "<group>"; };
		F3A268FE2ADE06FF0095CF1C /* ReminderViewController.m */ = {isa = PBXFileReference; lastKnownFileType = sourcecode.c.objc; path = ReminderViewController.m; sourceTree = "<group>"; };
		F3A268FF2ADE06FF0095CF1C /* ReminderViewController.xib */ = {isa = PBXFileReference; lastKnownFileType = file.xib; path = ReminderViewController.xib; sourceTree = "<group>"; };
		F3A3E0F02B1D64DA00152D35 /* DrivingReportDetailViewController.h */ = {isa = PBXFileReference; lastKnownFileType = sourcecode.c.h; path = DrivingReportDetailViewController.h; sourceTree = "<group>"; };
		F3A3E0F12B1D64DA00152D35 /* DrivingReportDetailViewController.m */ = {isa = PBXFileReference; lastKnownFileType = sourcecode.c.objc; path = DrivingReportDetailViewController.m; sourceTree = "<group>"; };
		F3A3E0F22B1D64DA00152D35 /* DrivingReportDetailViewController.xib */ = {isa = PBXFileReference; lastKnownFileType = file.xib; path = DrivingReportDetailViewController.xib; sourceTree = "<group>"; };
		F3A3E0F52B1D690A00152D35 /* DrivingReportDetailViewCell.h */ = {isa = PBXFileReference; lastKnownFileType = sourcecode.c.h; path = DrivingReportDetailViewCell.h; sourceTree = "<group>"; };
		F3A3E0F62B1D690A00152D35 /* DrivingReportDetailViewCell.m */ = {isa = PBXFileReference; lastKnownFileType = sourcecode.c.objc; path = DrivingReportDetailViewCell.m; sourceTree = "<group>"; };
		F3A3E0F72B1D690A00152D35 /* DrivingReportDetailViewCell.xib */ = {isa = PBXFileReference; lastKnownFileType = file.xib; path = DrivingReportDetailViewCell.xib; sourceTree = "<group>"; };
		F3A651BC2B1FFD470089E30C /* DrivingReportDetailEditViewController.h */ = {isa = PBXFileReference; lastKnownFileType = sourcecode.c.h; path = DrivingReportDetailEditViewController.h; sourceTree = "<group>"; };
		F3A651BD2B1FFD470089E30C /* DrivingReportDetailEditViewController.m */ = {isa = PBXFileReference; lastKnownFileType = sourcecode.c.objc; path = DrivingReportDetailEditViewController.m; sourceTree = "<group>"; };
		F3A651BE2B1FFD470089E30C /* DrivingReportDetailEditViewController.xib */ = {isa = PBXFileReference; lastKnownFileType = file.xib; path = DrivingReportDetailEditViewController.xib; sourceTree = "<group>"; };
		F3A651C12B2011430089E30C /* DrivingReportDestinationViewController.h */ = {isa = PBXFileReference; lastKnownFileType = sourcecode.c.h; path = DrivingReportDestinationViewController.h; sourceTree = "<group>"; };
		F3A651C22B2011430089E30C /* DrivingReportDestinationViewController.m */ = {isa = PBXFileReference; lastKnownFileType = sourcecode.c.objc; path = DrivingReportDestinationViewController.m; sourceTree = "<group>"; };
		F3A651C32B2011430089E30C /* DrivingReportDestinationViewController.xib */ = {isa = PBXFileReference; lastKnownFileType = file.xib; path = DrivingReportDestinationViewController.xib; sourceTree = "<group>"; };
		F3A651C62B20117B0089E30C /* DrivingReportDestinationViewCell.h */ = {isa = PBXFileReference; lastKnownFileType = sourcecode.c.h; path = DrivingReportDestinationViewCell.h; sourceTree = "<group>"; };
		F3A651C72B20117B0089E30C /* DrivingReportDestinationViewCell.m */ = {isa = PBXFileReference; lastKnownFileType = sourcecode.c.objc; path = DrivingReportDestinationViewCell.m; sourceTree = "<group>"; };
		F3A651C82B20117B0089E30C /* DrivingReportDestinationViewCell.xib */ = {isa = PBXFileReference; lastKnownFileType = file.xib; path = DrivingReportDestinationViewCell.xib; sourceTree = "<group>"; };
		F3B625072E7ABAF000F55E05 /* SceneDelegate.h */ = {isa = PBXFileReference; lastKnownFileType = sourcecode.c.h; path = SceneDelegate.h; sourceTree = "<group>"; };
		F3B625082E7ABB0800F55E05 /* SceneDelegate.m */ = {isa = PBXFileReference; lastKnownFileType = sourcecode.c.objc; path = SceneDelegate.m; sourceTree = "<group>"; };
		F3B870A62AFDBC4E00CB48DF /* DrivingReportViewCell.h */ = {isa = PBXFileReference; lastKnownFileType = sourcecode.c.h; path = DrivingReportViewCell.h; sourceTree = "<group>"; };
		F3B870A72AFDBC4E00CB48DF /* DrivingReportViewCell.m */ = {isa = PBXFileReference; lastKnownFileType = sourcecode.c.objc; path = DrivingReportViewCell.m; sourceTree = "<group>"; };
		F3B870A82AFDBC4E00CB48DF /* DrivingReportViewCell.xib */ = {isa = PBXFileReference; lastKnownFileType = file.xib; path = DrivingReportViewCell.xib; sourceTree = "<group>"; };
		F3D73C9128B37CA300224F40 /* DrivingDivViewController.h */ = {isa = PBXFileReference; lastKnownFileType = sourcecode.c.h; path = DrivingDivViewController.h; sourceTree = "<group>"; };
		F3D73C9228B37D3D00224F40 /* DrivingDivViewController.m */ = {isa = PBXFileReference; lastKnownFileType = sourcecode.c.objc; path = DrivingDivViewController.m; sourceTree = "<group>"; };
		F3D73C9428B3802B00224F40 /* DrivingDivViewController.xib */ = {isa = PBXFileReference; fileEncoding = 4; lastKnownFileType = file.xib; path = DrivingDivViewController.xib; sourceTree = "<group>"; };
/* End PBXFileReference section */

/* Begin PBXFrameworksBuildPhase section */
		F368C4E327BE164600AE8A0A /* Frameworks */ = {
			isa = PBXFrameworksBuildPhase;
			buildActionMask = 2147483647;
			files = (
				F3D97F512C16EFF300339FD7 /* SystemConfiguration.framework in Frameworks */,
				F3D97F552C16EFF600339FD7 /* EventKit.framework in Frameworks */,
				F3D97F4F2C16EFDA00339FD7 /* Pods_BACtrackByDreamTeam2.framework in Frameworks */,
				F3AD8E3D2C340B6E001EEDA8 /* RealmSwift in Frameworks */,
				F3D97F532C16EFF400339FD7 /* EventKitUI.framework in Frameworks */,
			);
			runOnlyForDeploymentPostprocessing = 0;
		};
		F368C4FE27BE165000AE8A0A /* Frameworks */ = {
			isa = PBXFrameworksBuildPhase;
			buildActionMask = 2147483647;
			files = (
				4D89043717AE8291C8CBE2DB /* Pods_BACtrackByDreamTeam2Tests.framework in Frameworks */,
			);
			runOnlyForDeploymentPostprocessing = 0;
		};
		F368C50827BE165000AE8A0A /* Frameworks */ = {
			isa = PBXFrameworksBuildPhase;
			buildActionMask = 2147483647;
			files = (
				AF91CB357B005439FC552AFA /* Pods_BACtrackByDreamTeam2_BACtrackByDreamTeam2UITests.framework in Frameworks */,
			);
			runOnlyForDeploymentPostprocessing = 0;
		};
/* End PBXFrameworksBuildPhase section */

/* Begin PBXGroup section */
		819DF9CE42C9297A474DC302 /* Pods */ = {
			isa = PBXGroup;
			children = (
				3F25F400DE15F0D59AE2386E /* Pods-BACtrackByDreamTeam2.debug.xcconfig */,
				9CB5671360F1066B916C4FFD /* Pods-BACtrackByDreamTeam2.release.xcconfig */,
				52FE6D7A75EE879925D358E8 /* Pods-BACtrackByDreamTeam2-BACtrackByDreamTeam2UITests.debug.xcconfig */,
				5E2DC0FD4AB9D5AA19039E97 /* Pods-BACtrackByDreamTeam2-BACtrackByDreamTeam2UITests.release.xcconfig */,
				1522137F295ADDD4606C6F1E /* Pods-BACtrackByDreamTeam2Tests.debug.xcconfig */,
				AAA14D1D981CBC86363C4992 /* Pods-BACtrackByDreamTeam2Tests.release.xcconfig */,
			);
			path = Pods;
			sourceTree = "<group>";
		};
		F34BA3F02B19AE9C0037F55B /* images */ = {
			isa = PBXGroup;
			children = (
				F34BA3F12B19AE9C0037F55B /* delete.png */,
			);
			path = images;
			sourceTree = "<group>";
		};
		F368C4DD27BE164600AE8A0A = {
			isa = PBXGroup;
			children = (
				F368C4E827BE164600AE8A0A /* BACtrackByDreamTeam2 */,
				F368C50427BE165000AE8A0A /* BACtrackByDreamTeam2Tests */,
				F368C50E27BE165000AE8A0A /* BACtrackByDreamTeam2UITests */,
				F374624E27BE19C10047F6BF /* Default-568h@2x.png */,
				F374625027BE19EA0047F6BF /* Frameworks */,
				F34BA3F02B19AE9C0037F55B /* images */,
				F368C4E727BE164600AE8A0A /* Products */,
				819DF9CE42C9297A474DC302 /* Pods */,
			);
			sourceTree = "<group>";
		};
		F368C4E727BE164600AE8A0A /* Products */ = {
			isa = PBXGroup;
			children = (
				F368C4E627BE164600AE8A0A /* BACtrackByDreamTeam2.app */,
				F368C50127BE165000AE8A0A /* BACtrackByDreamTeam2Tests.xctest */,
				F368C50B27BE165000AE8A0A /* BACtrackByDreamTeam2UITests.xctest */,
			);
			name = Products;
			sourceTree = "<group>";
		};
		F368C4E827BE164600AE8A0A /* BACtrackByDreamTeam2 */ = {
			isa = PBXGroup;
			children = (
				F3B625072E7ABAF000F55E05 /* SceneDelegate.h */,
				F3B625082E7ABB0800F55E05 /* SceneDelegate.m */,
				F374621F27BE18E00047F6BF /* AgreementViewController.h */,
				F374621D27BE18E00047F6BF /* AgreementViewController.m */,
				F374621E27BE18E00047F6BF /* AgreementViewController.xib */,
				F374622327BE19340047F6BF /* AppConsts.h */,
				F374622227BE19340047F6BF /* AppConsts.m */,
				F368C4E927BE164600AE8A0A /* AppDelegate.h */,
				F368C4EA27BE164600AE8A0A /* AppDelegate.m */,
				F368C4F527BE165000AE8A0A /* Assets.xcassets */,
				F374622627BE196A0047F6BF /* CarNoViewController.h */,
				F374622827BE197C0047F6BF /* CarNoViewController.m */,
				F374623127BE197C0047F6BF /* CarNoViewController.xib */,
				F374622727BE197C0047F6BF /* CompanyViewController.h */,
				F374623027BE197C0047F6BF /* CompanyViewController.m */,
				F374622C27BE197C0047F6BF /* CompanyViewController.xib */,
				F374622F27BE197C0047F6BF /* DriverViewController.h */,
				F374622D27BE197C0047F6BF /* DriverViewController.m */,
				F374622927BE197C0047F6BF /* DriverViewController.xib */,
				F3D73C9128B37CA300224F40 /* DrivingDivViewController.h */,
				F3D73C9228B37D3D00224F40 /* DrivingDivViewController.m */,
				F3D73C9428B3802B00224F40 /* DrivingDivViewController.xib */,
				F3A651C62B20117B0089E30C /* DrivingReportDestinationViewCell.h */,
				F3A651C72B20117B0089E30C /* DrivingReportDestinationViewCell.m */,
				F3A651C82B20117B0089E30C /* DrivingReportDestinationViewCell.xib */,
				F3A651C12B2011430089E30C /* DrivingReportDestinationViewController.h */,
				F3A651C22B2011430089E30C /* DrivingReportDestinationViewController.m */,
				F3A651C32B2011430089E30C /* DrivingReportDestinationViewController.xib */,
				F3A651BC2B1FFD470089E30C /* DrivingReportDetailEditViewController.h */,
				F3A651BD2B1FFD470089E30C /* DrivingReportDetailEditViewController.m */,
				F3A651BE2B1FFD470089E30C /* DrivingReportDetailEditViewController.xib */,
				F3A3E0F52B1D690A00152D35 /* DrivingReportDetailViewCell.h */,
				F3A3E0F62B1D690A00152D35 /* DrivingReportDetailViewCell.m */,
				F3A3E0F72B1D690A00152D35 /* DrivingReportDetailViewCell.xib */,
				F3A3E0F02B1D64DA00152D35 /* DrivingReportDetailViewController.h */,
				F3A3E0F12B1D64DA00152D35 /* DrivingReportDetailViewController.m */,
				F3A3E0F22B1D64DA00152D35 /* DrivingReportDetailViewController.xib */,
				F360D1322B14584A0085866A /* DrivingReportEditViewController.h */,
				F360D1332B14584A0085866A /* DrivingReportEditViewController.m */,
				F360D1342B14584A0085866A /* DrivingReportEditViewController.xib */,
				F3B870A62AFDBC4E00CB48DF /* DrivingReportViewCell.h */,
				F3B870A72AFDBC4E00CB48DF /* DrivingReportViewCell.m */,
				F3B870A82AFDBC4E00CB48DF /* DrivingReportViewCell.xib */,
				F3A268F32ADE06680095CF1C /* DrivingReportViewController.h */,
				F3A268F42ADE06680095CF1C /* DrivingReportViewController.m */,
				F3A268F52ADE06680095CF1C /* DrivingReportViewController.xib */,
				F374622A27BE197C0047F6BF /* GPSViewController.h */,
				F374622B27BE197C0047F6BF /* GPSViewController.m */,
				F374622E27BE197C0047F6BF /* GPSViewController.xib */,
				F374623D27BE19960047F6BF /* InspectionViewController.h */,
				F374624327BE19960047F6BF /* InspectionViewController.m */,
				F374623C27BE19960047F6BF /* InspectionViewController.xib */,
				F374624527BE19970047F6BF /* main.m */,
				F374624227BE19960047F6BF /* MainViewController.h */,
				F374623F27BE19960047F6BF /* MainViewController.m */,
				F374623B27BE19960047F6BF /* MainViewController.xib */,
				F39C7D792ADD0D6E00885F9E /* MenuViewController.h */,
				F39C7D7A2ADD0D6E00885F9E /* MenuViewController.m */,
				F39C7D7B2ADD0D6E00885F9E /* MenuViewController.xib */,
				F374624027BE19960047F6BF /* MyButton.h */,
				F374623A27BE19960047F6BF /* MyButton.m */,
				F3A014AC2B04ACDC00703D8B /* RealmLocalDataDrivingReport.h */,
				F3A049422B141BAD008473E4 /* RealmLocalDataDrivingReport.m */,
				F31247ED2AF888C50015746D /* RealmLocalDataDrivingReportDestination.h */,
				F3A049442B141C48008473E4 /* RealmLocalDataDrivingReportDestination.m */,
				F31247EE2AF888E00015746D /* RealmLocalDataDrivingReportDetail.h */,
				F3A049462B141C6B008473E4 /* RealmLocalDataDrivingReportDetail.m */,
				F3A268FD2ADE06FF0095CF1C /* ReminderViewController.h */,
				F3A268FE2ADE06FF0095CF1C /* ReminderViewController.m */,
				F3A268FF2ADE06FF0095CF1C /* ReminderViewController.xib */,
				F374624127BE19960047F6BF /* ResultViewController.h */,
				F374623E27BE19960047F6BF /* ResultViewController.m */,
				F374624427BE19960047F6BF /* ResultViewController.xib */,
				F3A268F82ADE06DB0095CF1C /* SendListViewController.h */,
				F3A268F92ADE06DB0095CF1C /* SendListViewController.m */,
				F3A268FA2ADE06DB0095CF1C /* SendListViewController.xib */,
				BF2D59F52B2B2936000D26B2 /* SendListViewCell.h */,
				BF2D59F62B2B2957000D26B2 /* SendListViewCell.m */,
				BF2D59F82B2B2975000D26B2 /* SendListViewCell.xib */,
				BF322D4A2B2BED55005E350D /* TransmissionContentView.h */,
				BF322D4B2B2BED78005E350D /* TransmissionContentView.m */,
				BF322D4D2B2BED98005E350D /* TransmissionContentView.xib */,
				BF322D4F2B2BF367005E350D /* RealmLocalDataAlcoholResult.h */,
				BF322D502B2BF37A005E350D /* RealmLocalDataAlcoholResult.m */,
			);
			path = BACtrackByDreamTeam2;
			sourceTree = "<group>";
		};
		F368C50427BE165000AE8A0A /* BACtrackByDreamTeam2Tests */ = {
			isa = PBXGroup;
			children = (
				F368C50527BE165000AE8A0A /* BACtrackByDreamTeam2Tests.m */,
			);
			path = BACtrackByDreamTeam2Tests;
			sourceTree = "<group>";
		};
		F368C50E27BE165000AE8A0A /* BACtrackByDreamTeam2UITests */ = {
			isa = PBXGroup;
			children = (
				F368C50F27BE165000AE8A0A /* BACtrackByDreamTeam2UITests.m */,
				F368C51127BE165000AE8A0A /* BACtrackByDreamTeam2UITestsLaunchTests.m */,
			);
			path = BACtrackByDreamTeam2UITests;
			sourceTree = "<group>";
		};
		F374625027BE19EA0047F6BF /* Frameworks */ = {
			isa = PBXGroup;
			children = (
				BFF10A662B3B971600C6A4B1 /* SystemConfiguration.framework */,
				BF322D542B2C62F3005E350D /* EventKitUI.framework */,
				BF322D522B2C62E4005E350D /* EventKit.framework */,
				BF0E71012B2854E2005F6308 /* CoreAudioTypes.framework */,
				BF0E70FF2B2853B4005F6308 /* CoreAudio.framework */,
				F374625327BE19F50047F6BF /* CoreLocation.framework */,
				F374625127BE19EA0047F6BF /* libBACtrackSDK.a */,
				52A19601CCF6C63B220FCD24 /* Pods_BACtrackByDreamTeam2.framework */,
				D5D0556165B104C2D73060F1 /* Pods_BACtrackByDreamTeam2_BACtrackByDreamTeam2UITests.framework */,
				DAD6D63198374124A901FBBA /* Pods_BACtrackByDreamTeam2Tests.framework */,
			);
			name = Frameworks;
			sourceTree = "<group>";
		};
/* End PBXGroup section */

/* Begin PBXNativeTarget section */
		F368C4E527BE164600AE8A0A /* BACtrackByDreamTeam2 */ = {
			isa = PBXNativeTarget;
			buildConfigurationList = F368C51527BE165000AE8A0A /* Build configuration list for PBXNativeTarget "BACtrackByDreamTeam2" */;
			buildPhases = (
				C252CE4DBEB42DB387A27C14 /* [CP] Check Pods Manifest.lock */,
				F368C4E227BE164600AE8A0A /* Sources */,
				F368C4E327BE164600AE8A0A /* Frameworks */,
				F368C4E427BE164600AE8A0A /* Resources */,
				F3C619A92C16D7FE00DD1CBD /* Embed Frameworks */,
			);
			buildRules = (
			);
			dependencies = (
			);
			name = BACtrackByDreamTeam2;
			packageProductDependencies = (
				F3AD8E3C2C340B6E001EEDA8 /* RealmSwift */,
			);
			productName = BACtrackByDreamTeam2;
			productReference = F368C4E627BE164600AE8A0A /* BACtrackByDreamTeam2.app */;
			productType = "com.apple.product-type.application";
		};
		F368C50027BE165000AE8A0A /* BACtrackByDreamTeam2Tests */ = {
			isa = PBXNativeTarget;
			buildConfigurationList = F368C51827BE165000AE8A0A /* Build configuration list for PBXNativeTarget "BACtrackByDreamTeam2Tests" */;
			buildPhases = (
				A06D446D24501E023BB28AEC /* [CP] Check Pods Manifest.lock */,
				F368C4FD27BE165000AE8A0A /* Sources */,
				F368C4FE27BE165000AE8A0A /* Frameworks */,
				F368C4FF27BE165000AE8A0A /* Resources */,
			);
			buildRules = (
			);
			dependencies = (
				F368C50327BE165000AE8A0A /* PBXTargetDependency */,
			);
			name = BACtrackByDreamTeam2Tests;
			productName = BACtrackByDreamTeam2Tests;
			productReference = F368C50127BE165000AE8A0A /* BACtrackByDreamTeam2Tests.xctest */;
			productType = "com.apple.product-type.bundle.unit-test";
		};
		F368C50A27BE165000AE8A0A /* BACtrackByDreamTeam2UITests */ = {
			isa = PBXNativeTarget;
			buildConfigurationList = F368C51B27BE165000AE8A0A /* Build configuration list for PBXNativeTarget "BACtrackByDreamTeam2UITests" */;
			buildPhases = (
				AE17FBBB6E1ACF8D59EA954A /* [CP] Check Pods Manifest.lock */,
				F368C50727BE165000AE8A0A /* Sources */,
				F368C50827BE165000AE8A0A /* Frameworks */,
				F368C50927BE165000AE8A0A /* Resources */,
			);
			buildRules = (
			);
			dependencies = (
				F368C50D27BE165000AE8A0A /* PBXTargetDependency */,
			);
			name = BACtrackByDreamTeam2UITests;
			productName = BACtrackByDreamTeam2UITests;
			productReference = F368C50B27BE165000AE8A0A /* BACtrackByDreamTeam2UITests.xctest */;
			productType = "com.apple.product-type.bundle.ui-testing";
		};
/* End PBXNativeTarget section */

/* Begin PBXProject section */
		F368C4DE27BE164600AE8A0A /* Project object */ = {
			isa = PBXProject;
			attributes = {
				BuildIndependentTargetsInParallel = 1;
				LastUpgradeCheck = 2600;
				TargetAttributes = {
					F368C4E527BE164600AE8A0A = {
						CreatedOnToolsVersion = 13.0;
						LastSwiftMigration = 1540;
					};
					F368C50027BE165000AE8A0A = {
						CreatedOnToolsVersion = 13.0;
						TestTargetID = F368C4E527BE164600AE8A0A;
					};
					F368C50A27BE165000AE8A0A = {
						CreatedOnToolsVersion = 13.0;
						TestTargetID = F368C4E527BE164600AE8A0A;
					};
				};
			};
			buildConfigurationList = F368C4E127BE164600AE8A0A /* Build configuration list for PBXProject "BACtrackByDreamTeam2" */;
			compatibilityVersion = "Xcode 13.0";
			developmentRegion = ja;
			hasScannedForEncodings = 0;
			knownRegions = (
				en,
				Base,
				ja,
			);
			mainGroup = F368C4DD27BE164600AE8A0A;
			packageReferences = (
				F3A014A92B04AA9000703D8B /* XCRemoteSwiftPackageReference "realm-swift" */,
			);
			productRefGroup = F368C4E727BE164600AE8A0A /* Products */;
			projectDirPath = "";
			projectRoot = "";
			targets = (
				F368C4E527BE164600AE8A0A /* BACtrackByDreamTeam2 */,
				F368C50027BE165000AE8A0A /* BACtrackByDreamTeam2Tests */,
				F368C50A27BE165000AE8A0A /* BACtrackByDreamTeam2UITests */,
			);
		};
/* End PBXProject section */

/* Begin PBXResourcesBuildPhase section */
		F368C4E427BE164600AE8A0A /* Resources */ = {
			isa = PBXResourcesBuildPhase;
			buildActionMask = 2147483647;
			files = (
				F374624827BE19970047F6BF /* InspectionViewController.xib in Resources */,
				F3A651C52B2011430089E30C /* DrivingReportDestinationViewController.xib in Resources */,
				F3A3E0F92B1D690A00152D35 /* DrivingReportDetailViewCell.xib in Resources */,
				F374623527BE197C0047F6BF /* CompanyViewController.xib in Resources */,
				F3A268FC2ADE06DB0095CF1C /* SendListViewController.xib in Resources */,
				F368C4F627BE165000AE8A0A /* Assets.xcassets in Resources */,
				F3B870AA2AFDBC4E00CB48DF /* DrivingReportViewCell.xib in Resources */,
				F374624F27BE19C10047F6BF /* Default-568h@2x.png in Resources */,
				F3D73C9528B3802B00224F40 /* DrivingDivViewController.xib in Resources */,
				F374622127BE18E00047F6BF /* AgreementViewController.xib in Resources */,
				F374623327BE197C0047F6BF /* DriverViewController.xib in Resources */,
				F39C7D7D2ADD0D6E00885F9E /* MenuViewController.xib in Resources */,
				F3A268F72ADE06680095CF1C /* DrivingReportViewController.xib in Resources */,
				F374623927BE197C0047F6BF /* CarNoViewController.xib in Resources */,
				F34BA3F22B19AE9C0037F55B /* delete.png in Resources */,
				F3A3E0F42B1D64DA00152D35 /* DrivingReportDetailViewController.xib in Resources */,
				F374624727BE19970047F6BF /* MainViewController.xib in Resources */,
				F360D1362B14584A0085866A /* DrivingReportEditViewController.xib in Resources */,
				F374624C27BE19970047F6BF /* ResultViewController.xib in Resources */,
				F3A269012ADE06FF0095CF1C /* ReminderViewController.xib in Resources */,
				BF322D4E2B2BED98005E350D /* TransmissionContentView.xib in Resources */,
				F3A651CA2B20117B0089E30C /* DrivingReportDestinationViewCell.xib in Resources */,
				F3A651C02B1FFD470089E30C /* DrivingReportDetailEditViewController.xib in Resources */,
				BF2D59F92B2B2975000D26B2 /* SendListViewCell.xib in Resources */,
				F374623727BE197C0047F6BF /* GPSViewController.xib in Resources */,
			);
			runOnlyForDeploymentPostprocessing = 0;
		};
		F368C4FF27BE165000AE8A0A /* Resources */ = {
			isa = PBXResourcesBuildPhase;
			buildActionMask = 2147483647;
			files = (
			);
			runOnlyForDeploymentPostprocessing = 0;
		};
		F368C50927BE165000AE8A0A /* Resources */ = {
			isa = PBXResourcesBuildPhase;
			buildActionMask = 2147483647;
			files = (
			);
			runOnlyForDeploymentPostprocessing = 0;
		};
/* End PBXResourcesBuildPhase section */

/* Begin PBXShellScriptBuildPhase section */
		A06D446D24501E023BB28AEC /* [CP] Check Pods Manifest.lock */ = {
			isa = PBXShellScriptBuildPhase;
			buildActionMask = 2147483647;
			files = (
			);
			inputFileListPaths = (
			);
			inputPaths = (
				"${PODS_PODFILE_DIR_PATH}/Podfile.lock",
				"${PODS_ROOT}/Manifest.lock",
			);
			name = "[CP] Check Pods Manifest.lock";
			outputFileListPaths = (
			);
			outputPaths = (
				"$(DERIVED_FILE_DIR)/Pods-BACtrackByDreamTeam2Tests-checkManifestLockResult.txt",
			);
			runOnlyForDeploymentPostprocessing = 0;
			shellPath = /bin/sh;
			shellScript = "diff \"${PODS_PODFILE_DIR_PATH}/Podfile.lock\" \"${PODS_ROOT}/Manifest.lock\" > /dev/null\nif [ $? != 0 ] ; then\n    # print error to STDERR\n    echo \"error: The sandbox is not in sync with the Podfile.lock. Run 'pod install' or update your CocoaPods installation.\" >&2\n    exit 1\nfi\n# This output is used by Xcode 'outputs' to avoid re-running this script phase.\necho \"SUCCESS\" > \"${SCRIPT_OUTPUT_FILE_0}\"\n";
			showEnvVarsInLog = 0;
		};
		AE17FBBB6E1ACF8D59EA954A /* [CP] Check Pods Manifest.lock */ = {
			isa = PBXShellScriptBuildPhase;
			buildActionMask = 2147483647;
			files = (
			);
			inputFileListPaths = (
			);
			inputPaths = (
				"${PODS_PODFILE_DIR_PATH}/Podfile.lock",
				"${PODS_ROOT}/Manifest.lock",
			);
			name = "[CP] Check Pods Manifest.lock";
			outputFileListPaths = (
			);
			outputPaths = (
				"$(DERIVED_FILE_DIR)/Pods-BACtrackByDreamTeam2-BACtrackByDreamTeam2UITests-checkManifestLockResult.txt",
			);
			runOnlyForDeploymentPostprocessing = 0;
			shellPath = /bin/sh;
			shellScript = "diff \"${PODS_PODFILE_DIR_PATH}/Podfile.lock\" \"${PODS_ROOT}/Manifest.lock\" > /dev/null\nif [ $? != 0 ] ; then\n    # print error to STDERR\n    echo \"error: The sandbox is not in sync with the Podfile.lock. Run 'pod install' or update your CocoaPods installation.\" >&2\n    exit 1\nfi\n# This output is used by Xcode 'outputs' to avoid re-running this script phase.\necho \"SUCCESS\" > \"${SCRIPT_OUTPUT_FILE_0}\"\n";
			showEnvVarsInLog = 0;
		};
		C252CE4DBEB42DB387A27C14 /* [CP] Check Pods Manifest.lock */ = {
			isa = PBXShellScriptBuildPhase;
			buildActionMask = 2147483647;
			files = (
			);
			inputFileListPaths = (
			);
			inputPaths = (
				"${PODS_PODFILE_DIR_PATH}/Podfile.lock",
				"${PODS_ROOT}/Manifest.lock",
			);
			name = "[CP] Check Pods Manifest.lock";
			outputFileListPaths = (
			);
			outputPaths = (
				"$(DERIVED_FILE_DIR)/Pods-BACtrackByDreamTeam2-checkManifestLockResult.txt",
			);
			runOnlyForDeploymentPostprocessing = 0;
			shellPath = /bin/sh;
			shellScript = "diff \"${PODS_PODFILE_DIR_PATH}/Podfile.lock\" \"${PODS_ROOT}/Manifest.lock\" > /dev/null\nif [ $? != 0 ] ; then\n    # print error to STDERR\n    echo \"error: The sandbox is not in sync with the Podfile.lock. Run 'pod install' or update your CocoaPods installation.\" >&2\n    exit 1\nfi\n# This output is used by Xcode 'outputs' to avoid re-running this script phase.\necho \"SUCCESS\" > \"${SCRIPT_OUTPUT_FILE_0}\"\n";
			showEnvVarsInLog = 0;
		};
/* End PBXShellScriptBuildPhase section */

/* Begin PBXSourcesBuildPhase section */
		F368C4E227BE164600AE8A0A /* Sources */ = {
			isa = PBXSourcesBuildPhase;
			buildActionMask = 2147483647;
			files = (
				F3A049432B141BAD008473E4 /* RealmLocalDataDrivingReport.m in Sources */,
				F374623627BE197C0047F6BF /* DriverViewController.m in Sources */,
				BF2D59F72B2B2957000D26B2 /* SendListViewCell.m in Sources */,
				F374624B27BE19970047F6BF /* InspectionViewController.m in Sources */,
				F3B870A92AFDBC4E00CB48DF /* DrivingReportViewCell.m in Sources */,
				F3A269002ADE06FF0095CF1C /* ReminderViewController.m in Sources */,
				F368C4EB27BE164600AE8A0A /* AppDelegate.m in Sources */,
				F3A049452B141C48008473E4 /* RealmLocalDataDrivingReportDestination.m in Sources */,
				F3A3E0F32B1D64DA00152D35 /* DrivingReportDetailViewController.m in Sources */,
				F3A268F62ADE06680095CF1C /* DrivingReportViewController.m in Sources */,
				F3D73C9328B37D3D00224F40 /* DrivingDivViewController.m in Sources */,
				F360D1352B14584A0085866A /* DrivingReportEditViewController.m in Sources */,
				F374623827BE197C0047F6BF /* CompanyViewController.m in Sources */,
				F374624A27BE19970047F6BF /* MainViewController.m in Sources */,
				F3A651C42B2011430089E30C /* DrivingReportDestinationViewController.m in Sources */,
				BF322D512B2BF37A005E350D /* RealmLocalDataAlcoholResult.m in Sources */,
				F3A049472B141C6B008473E4 /* RealmLocalDataDrivingReportDetail.m in Sources */,
				F374622027BE18E00047F6BF /* AgreementViewController.m in Sources */,
				F3A268FB2ADE06DB0095CF1C /* SendListViewController.m in Sources */,
				F3A651C92B20117B0089E30C /* DrivingReportDestinationViewCell.m in Sources */,
				BF322D4C2B2BED78005E350D /* TransmissionContentView.m in Sources */,
				F3B625092E7ABB0B00F55E05 /* SceneDelegate.m in Sources */,
				F374623227BE197C0047F6BF /* CarNoViewController.m in Sources */,
				F374622427BE19340047F6BF /* AppConsts.m in Sources */,
				F3A651BF2B1FFD470089E30C /* DrivingReportDetailEditViewController.m in Sources */,
				F374623427BE197C0047F6BF /* GPSViewController.m in Sources */,
				F374624627BE19970047F6BF /* MyButton.m in Sources */,
				F39C7D7C2ADD0D6E00885F9E /* MenuViewController.m in Sources */,
				F3A3E0F82B1D690A00152D35 /* DrivingReportDetailViewCell.m in Sources */,
				F374624D27BE19970047F6BF /* main.m in Sources */,
				F374624927BE19970047F6BF /* ResultViewController.m in Sources */,
			);
			runOnlyForDeploymentPostprocessing = 0;
		};
		F368C4FD27BE165000AE8A0A /* Sources */ = {
			isa = PBXSourcesBuildPhase;
			buildActionMask = 2147483647;
			files = (
				F368C50627BE165000AE8A0A /* BACtrackByDreamTeam2Tests.m in Sources */,
			);
			runOnlyForDeploymentPostprocessing = 0;
		};
		F368C50727BE165000AE8A0A /* Sources */ = {
			isa = PBXSourcesBuildPhase;
			buildActionMask = 2147483647;
			files = (
				F368C51227BE165000AE8A0A /* BACtrackByDreamTeam2UITestsLaunchTests.m in Sources */,
				F368C51027BE165000AE8A0A /* BACtrackByDreamTeam2UITests.m in Sources */,
			);
			runOnlyForDeploymentPostprocessing = 0;
		};
/* End PBXSourcesBuildPhase section */

/* Begin PBXTargetDependency section */
		F368C50327BE165000AE8A0A /* PBXTargetDependency */ = {
			isa = PBXTargetDependency;
			target = F368C4E527BE164600AE8A0A /* BACtrackByDreamTeam2 */;
			targetProxy = F368C50227BE165000AE8A0A /* PBXContainerItemProxy */;
		};
		F368C50D27BE165000AE8A0A /* PBXTargetDependency */ = {
			isa = PBXTargetDependency;
			target = F368C4E527BE164600AE8A0A /* BACtrackByDreamTeam2 */;
			targetProxy = F368C50C27BE165000AE8A0A /* PBXContainerItemProxy */;
		};
/* End PBXTargetDependency section */

/* Begin XCBuildConfiguration section */
		F368C51327BE165000AE8A0A /* Debug */ = {
			isa = XCBuildConfiguration;
			buildSettings = {
				ALWAYS_SEARCH_USER_PATHS = NO;
				ARCHS = "$(ARCHS_STANDARD)";
				ASSETCATALOG_COMPILER_GENERATE_SWIFT_ASSET_SYMBOL_EXTENSIONS = YES;
				CLANG_ANALYZER_LOCALIZABILITY_NONLOCALIZED = YES;
				CLANG_ANALYZER_NONNULL = YES;
				CLANG_ANALYZER_NUMBER_OBJECT_CONVERSION = YES_AGGRESSIVE;
				CLANG_CXX_LANGUAGE_STANDARD = "gnu++17";
				CLANG_CXX_LIBRARY = "libc++";
				CLANG_ENABLE_MODULES = YES;
				CLANG_ENABLE_OBJC_ARC = YES;
				CLANG_ENABLE_OBJC_WEAK = YES;
				CLANG_WARN_BLOCK_CAPTURE_AUTORELEASING = YES;
				CLANG_WARN_BOOL_CONVERSION = YES;
				CLANG_WARN_COMMA = YES;
				CLANG_WARN_CONSTANT_CONVERSION = YES;
				CLANG_WARN_DEPRECATED_OBJC_IMPLEMENTATIONS = YES;
				CLANG_WARN_DIRECT_OBJC_ISA_USAGE = YES_ERROR;
				CLANG_WARN_DOCUMENTATION_COMMENTS = YES;
				CLANG_WARN_EMPTY_BODY = YES;
				CLANG_WARN_ENUM_CONVERSION = YES;
				CLANG_WARN_INFINITE_RECURSION = YES;
				CLANG_WARN_INT_CONVERSION = YES;
				CLANG_WARN_NON_LITERAL_NULL_CONVERSION = YES;
				CLANG_WARN_OBJC_IMPLICIT_RETAIN_SELF = YES;
				CLANG_WARN_OBJC_LITERAL_CONVERSION = YES;
				CLANG_WARN_OBJC_ROOT_CLASS = YES_ERROR;
				CLANG_WARN_QUOTED_INCLUDE_IN_FRAMEWORK_HEADER = YES;
				CLANG_WARN_RANGE_LOOP_ANALYSIS = YES;
				CLANG_WARN_STRICT_PROTOTYPES = YES;
				CLANG_WARN_SUSPICIOUS_MOVE = YES;
				CLANG_WARN_UNGUARDED_AVAILABILITY = YES_AGGRESSIVE;
				CLANG_WARN_UNREACHABLE_CODE = YES;
				CLANG_WARN__DUPLICATE_METHOD_MATCH = YES;
				CODE_SIGN_IDENTITY = "Apple Development";
				COPY_PHASE_STRIP = NO;
				DEBUG_INFORMATION_FORMAT = dwarf;
				ENABLE_STRICT_OBJC_MSGSEND = YES;
				ENABLE_TESTABILITY = YES;
				ENABLE_USER_SCRIPT_SANDBOXING = YES;
				"EXCLUDED_ARCHS[sdk=iphonesimulator*]" = arm64;
				GCC_C_LANGUAGE_STANDARD = gnu11;
				GCC_DYNAMIC_NO_PIC = NO;
				GCC_NO_COMMON_BLOCKS = YES;
				GCC_OPTIMIZATION_LEVEL = 0;
				GCC_PREPROCESSOR_DEFINITIONS = (
					"DEBUG=1",
					"$(inherited)",
				);
				GCC_WARN_64_TO_32_BIT_CONVERSION = YES;
				GCC_WARN_ABOUT_RETURN_TYPE = YES_ERROR;
				GCC_WARN_UNDECLARED_SELECTOR = YES;
				GCC_WARN_UNINITIALIZED_AUTOS = YES_AGGRESSIVE;
				GCC_WARN_UNUSED_FUNCTION = YES;
				GCC_WARN_UNUSED_VARIABLE = YES;
				IPHONEOS_DEPLOYMENT_TARGET = 26.0;
				MTL_ENABLE_DEBUG_INFO = INCLUDE_SOURCE;
				MTL_FAST_MATH = YES;
				ONLY_ACTIVE_ARCH = YES;
				SDKROOT = iphoneos;
				STRING_CATALOG_GENERATE_SYMBOLS = YES;
			};
			name = Debug;
		};
		F368C51427BE165000AE8A0A /* Release */ = {
			isa = XCBuildConfiguration;
			buildSettings = {
				ALWAYS_SEARCH_USER_PATHS = NO;
				ARCHS = "$(ARCHS_STANDARD)";
				ASSETCATALOG_COMPILER_GENERATE_SWIFT_ASSET_SYMBOL_EXTENSIONS = YES;
				CLANG_ANALYZER_LOCALIZABILITY_NONLOCALIZED = YES;
				CLANG_ANALYZER_NONNULL = YES;
				CLANG_ANALYZER_NUMBER_OBJECT_CONVERSION = YES_AGGRESSIVE;
				CLANG_CXX_LANGUAGE_STANDARD = "gnu++17";
				CLANG_CXX_LIBRARY = "libc++";
				CLANG_ENABLE_MODULES = YES;
				CLANG_ENABLE_OBJC_ARC = YES;
				CLANG_ENABLE_OBJC_WEAK = YES;
				CLANG_WARN_BLOCK_CAPTURE_AUTORELEASING = YES;
				CLANG_WARN_BOOL_CONVERSION = YES;
				CLANG_WARN_COMMA = YES;
				CLANG_WARN_CONSTANT_CONVERSION = YES;
				CLANG_WARN_DEPRECATED_OBJC_IMPLEMENTATIONS = YES;
				CLANG_WARN_DIRECT_OBJC_ISA_USAGE = YES_ERROR;
				CLANG_WARN_DOCUMENTATION_COMMENTS = YES;
				CLANG_WARN_EMPTY_BODY = YES;
				CLANG_WARN_ENUM_CONVERSION = YES;
				CLANG_WARN_INFINITE_RECURSION = YES;
				CLANG_WARN_INT_CONVERSION = YES;
				CLANG_WARN_NON_LITERAL_NULL_CONVERSION = YES;
				CLANG_WARN_OBJC_IMPLICIT_RETAIN_SELF = YES;
				CLANG_WARN_OBJC_LITERAL_CONVERSION = YES;
				CLANG_WARN_OBJC_ROOT_CLASS = YES_ERROR;
				CLANG_WARN_QUOTED_INCLUDE_IN_FRAMEWORK_HEADER = YES;
				CLANG_WARN_RANGE_LOOP_ANALYSIS = YES;
				CLANG_WARN_STRICT_PROTOTYPES = YES;
				CLANG_WARN_SUSPICIOUS_MOVE = YES;
				CLANG_WARN_UNGUARDED_AVAILABILITY = YES_AGGRESSIVE;
				CLANG_WARN_UNREACHABLE_CODE = YES;
				CLANG_WARN__DUPLICATE_METHOD_MATCH = YES;
				CODE_SIGN_IDENTITY = "Apple Distribution";
				COPY_PHASE_STRIP = NO;
				DEBUG_INFORMATION_FORMAT = "dwarf-with-dsym";
				ENABLE_NS_ASSERTIONS = NO;
				ENABLE_STRICT_OBJC_MSGSEND = YES;
				ENABLE_USER_SCRIPT_SANDBOXING = YES;
				"EXCLUDED_ARCHS[sdk=iphonesimulator*]" = arm64;
				GCC_C_LANGUAGE_STANDARD = gnu11;
				GCC_NO_COMMON_BLOCKS = YES;
				GCC_WARN_64_TO_32_BIT_CONVERSION = YES;
				GCC_WARN_ABOUT_RETURN_TYPE = YES_ERROR;
				GCC_WARN_UNDECLARED_SELECTOR = YES;
				GCC_WARN_UNINITIALIZED_AUTOS = YES_AGGRESSIVE;
				GCC_WARN_UNUSED_FUNCTION = YES;
				GCC_WARN_UNUSED_VARIABLE = YES;
				IPHONEOS_DEPLOYMENT_TARGET = 26.0;
				MTL_ENABLE_DEBUG_INFO = NO;
				MTL_FAST_MATH = YES;
				ONLY_ACTIVE_ARCH = YES;
				SDKROOT = iphoneos;
				STRING_CATALOG_GENERATE_SYMBOLS = YES;
				VALIDATE_PRODUCT = YES;
			};
			name = Release;
		};
		F368C51627BE165000AE8A0A /* Debug */ = {
			isa = XCBuildConfiguration;
			baseConfigurationReference = 3F25F400DE15F0D59AE2386E /* Pods-BACtrackByDreamTeam2.debug.xcconfig */;
			buildSettings = {
				ASSETCATALOG_COMPILER_ALTERNATE_APPICON_NAMES = "";
				ASSETCATALOG_COMPILER_APPICON_NAME = AppIcon;
				ASSETCATALOG_COMPILER_GLOBAL_ACCENT_COLOR_NAME = AccentColor;
				CLANG_ENABLE_MODULES = YES;
				CODE_SIGN_IDENTITY = "Apple Development";
				"CODE_SIGN_IDENTITY[sdk=iphoneos*]" = "iPhone Distribution";
				CODE_SIGN_STYLE = Manual;
				CURRENT_PROJECT_VERSION = 2.5.1;
				DEVELOPMENT_TEAM = "";
				"DEVELOPMENT_TEAM[sdk=iphoneos*]" = 3YN5PSA7X5;
				EMBED_ASSET_PACKS_IN_PRODUCT_BUNDLE = NO;
				ENABLE_BITCODE = NO;
				GENERATE_INFOPLIST_FILE = YES;
				INFOPLIST_FILE = BACtrackByDreamTeam2/Info.plist;
				INFOPLIST_KEY_CFBundleDisplayName = "アルコールマネージャー業務用アプリ 写真撮影版";
				INFOPLIST_KEY_LSApplicationCategoryType = "";
				INFOPLIST_KEY_NSBluetoothAlwaysUsageDescription = "アルコールマネージャー本体とスマートフォンを接続し、アルコールチェックを行います。";
				INFOPLIST_KEY_NSBluetoothPeripheralUsageDescription = "アルコールマネージャー本体とスマートフォンを接続し、アルコールチェックを行います。";
				INFOPLIST_KEY_NSCalendarsUsageDescription = "リマインダーを使用するのに権限が必要です";
				INFOPLIST_KEY_NSCameraUsageDescription = "アルコールチェック時に写真撮影を行い、撮影した画像はサーバーに送信され運行管理者が確認するために使用されます。";
				INFOPLIST_KEY_NSLocationAlwaysUsageDescription = "アルコールマネージャーを利用し、アルコール測定をどこで行ったかを記録するために、位置情報を利用します。";
				INFOPLIST_KEY_NSLocationWhenInUseUsageDescription = "アルコールマネージャーを利用し、アルコール測定をどこで行ったかを記録するために、位置情報を利用します。";
				INFOPLIST_KEY_UIApplicationSupportsIndirectInputEvents = YES;
				INFOPLIST_KEY_UIRequiredDeviceCapabilities = armv7;
				INFOPLIST_KEY_UISupportedInterfaceOrientations_iPad = UIInterfaceOrientationPortrait;
				INFOPLIST_KEY_UISupportedInterfaceOrientations_iPhone = UIInterfaceOrientationPortrait;
				IPHONEOS_DEPLOYMENT_TARGET = 15.6;
				LD_RUNPATH_SEARCH_PATHS = (
					"$(inherited)",
					"@executable_path/Frameworks",
				);
				LIBRARY_SEARCH_PATHS = (
					"$(inherited)",
					"$(PROJECT_DIR)/lib",
				);
				MARKETING_VERSION = 2.6.0;
				ONLY_ACTIVE_ARCH = NO;
				OTHER_LDFLAGS = (
					"-Wl",
					"$(inherited)",
				);
				PRODUCT_BUNDLE_IDENTIFIER = "dream-team.co.jp.bactrack2";
				PRODUCT_NAME = "$(TARGET_NAME)";
				PROVISIONING_PROFILE_SPECIFIER = "";
				"PROVISIONING_PROFILE_SPECIFIER[sdk=iphoneos*]" = "Wildcard AdHoc";
				SWIFT_EMIT_LOC_STRINGS = YES;
				SWIFT_OPTIMIZATION_LEVEL = "-Onone";
				SWIFT_VERSION = 5.0;
				TARGETED_DEVICE_FAMILY = 1;
			};
			name = Debug;
		};
		F368C51727BE165000AE8A0A /* Release */ = {
			isa = XCBuildConfiguration;
			baseConfigurationReference = 9CB5671360F1066B916C4FFD /* Pods-BACtrackByDreamTeam2.release.xcconfig */;
			buildSettings = {
				ASSETCATALOG_COMPILER_ALTERNATE_APPICON_NAMES = "";
				ASSETCATALOG_COMPILER_APPICON_NAME = AppIcon;
				ASSETCATALOG_COMPILER_GLOBAL_ACCENT_COLOR_NAME = AccentColor;
				CLANG_ENABLE_MODULES = YES;
				CODE_SIGN_IDENTITY = "Apple Development";
				"CODE_SIGN_IDENTITY[sdk=iphoneos*]" = "iPhone Distribution";
				CODE_SIGN_STYLE = Manual;
				CURRENT_PROJECT_VERSION = 2.5.1;
				DEVELOPMENT_TEAM = "";
				"DEVELOPMENT_TEAM[sdk=iphoneos*]" = 3YN5PSA7X5;
				EMBED_ASSET_PACKS_IN_PRODUCT_BUNDLE = NO;
				ENABLE_BITCODE = NO;
				GENERATE_INFOPLIST_FILE = YES;
				INFOPLIST_FILE = BACtrackByDreamTeam2/Info.plist;
				INFOPLIST_KEY_CFBundleDisplayName = "アルコールマネージャー業務用アプリ 写真撮影版";
				INFOPLIST_KEY_LSApplicationCategoryType = "";
				INFOPLIST_KEY_NSBluetoothAlwaysUsageDescription = "アルコールマネージャー本体とスマートフォンを接続し、アルコールチェックを行います。";
				INFOPLIST_KEY_NSBluetoothPeripheralUsageDescription = "アルコールマネージャー本体とスマートフォンを接続し、アルコールチェックを行います。";
				INFOPLIST_KEY_NSCalendarsUsageDescription = "リマインダーを使用するのに権限が必要です";
				INFOPLIST_KEY_NSCameraUsageDescription = "アルコールチェック時に写真撮影を行い、撮影した画像はサーバーに送信され運行管理者が確認するために使用されます。";
				INFOPLIST_KEY_NSLocationAlwaysUsageDescription = "アルコールマネージャーを利用し、アルコール測定をどこで行ったかを記録するために、位置情報を利用します。";
				INFOPLIST_KEY_NSLocationWhenInUseUsageDescription = "アルコールマネージャーを利用し、アルコール測定をどこで行ったかを記録するために、位置情報を利用します。";
				INFOPLIST_KEY_UIApplicationSupportsIndirectInputEvents = YES;
				INFOPLIST_KEY_UIRequiredDeviceCapabilities = armv7;
				INFOPLIST_KEY_UISupportedInterfaceOrientations_iPad = UIInterfaceOrientationPortrait;
				INFOPLIST_KEY_UISupportedInterfaceOrientations_iPhone = UIInterfaceOrientationPortrait;
				IPHONEOS_DEPLOYMENT_TARGET = 15.6;
				LD_RUNPATH_SEARCH_PATHS = (
					"$(inherited)",
					"@executable_path/Frameworks",
				);
				LIBRARY_SEARCH_PATHS = (
					"$(inherited)",
					"$(PROJECT_DIR)/lib",
				);
				MARKETING_VERSION = 2.6.0;
				ONLY_ACTIVE_ARCH = NO;
				OTHER_LDFLAGS = (
					"-Wl",
					"$(inherited)",
				);
				PRODUCT_BUNDLE_IDENTIFIER = "dream-team.co.jp.bactrack2";
				PRODUCT_NAME = "$(TARGET_NAME)";
				PROVISIONING_PROFILE_SPECIFIER = "";
				"PROVISIONING_PROFILE_SPECIFIER[sdk=iphoneos*]" = "Wildcard AdHoc";
				SWIFT_EMIT_LOC_STRINGS = YES;
				SWIFT_VERSION = 5.0;
				TARGETED_DEVICE_FAMILY = 1;
			};
			name = Release;
		};
		F368C51927BE165000AE8A0A /* Debug */ = {
			isa = XCBuildConfiguration;
			baseConfigurationReference = 1522137F295ADDD4606C6F1E /* Pods-BACtrackByDreamTeam2Tests.debug.xcconfig */;
			buildSettings = {
				BUNDLE_LOADER = "$(TEST_HOST)";
				CODE_SIGN_STYLE = Automatic;
				CURRENT_PROJECT_VERSION = 1;
				DEVELOPMENT_TEAM = TNDY7A3H93;
				GENERATE_INFOPLIST_FILE = YES;
				IPHONEOS_DEPLOYMENT_TARGET = 15.0;
				LD_RUNPATH_SEARCH_PATHS = (
					"$(inherited)",
					"@executable_path/Frameworks",
					"@loader_path/Frameworks",
				);
				MARKETING_VERSION = 1.0;
				PRODUCT_BUNDLE_IDENTIFIER = "dream-team.co.jp.bactrack2.BACtrackByDreamTeam2Tests";
				PRODUCT_NAME = "$(TARGET_NAME)";
				SWIFT_EMIT_LOC_STRINGS = NO;
				TARGETED_DEVICE_FAMILY = "1,2";
				TEST_HOST = "$(BUILT_PRODUCTS_DIR)/BACtrackByDreamTeam2.app/BACtrackByDreamTeam2";
			};
			name = Debug;
		};
		F368C51A27BE165000AE8A0A /* Release */ = {
			isa = XCBuildConfiguration;
			baseConfigurationReference = AAA14D1D981CBC86363C4992 /* Pods-BACtrackByDreamTeam2Tests.release.xcconfig */;
			buildSettings = {
				BUNDLE_LOADER = "$(TEST_HOST)";
				CODE_SIGN_STYLE = Automatic;
				CURRENT_PROJECT_VERSION = 1;
				DEVELOPMENT_TEAM = TNDY7A3H93;
				GENERATE_INFOPLIST_FILE = YES;
				IPHONEOS_DEPLOYMENT_TARGET = 15.0;
				LD_RUNPATH_SEARCH_PATHS = (
					"$(inherited)",
					"@executable_path/Frameworks",
					"@loader_path/Frameworks",
				);
				MARKETING_VERSION = 1.0;
				PRODUCT_BUNDLE_IDENTIFIER = "dream-team.co.jp.bactrack2.BACtrackByDreamTeam2Tests";
				PRODUCT_NAME = "$(TARGET_NAME)";
				SWIFT_EMIT_LOC_STRINGS = NO;
				TARGETED_DEVICE_FAMILY = "1,2";
				TEST_HOST = "$(BUILT_PRODUCTS_DIR)/BACtrackByDreamTeam2.app/BACtrackByDreamTeam2";
			};
			name = Release;
		};
		F368C51C27BE165000AE8A0A /* Debug */ = {
			isa = XCBuildConfiguration;
			baseConfigurationReference = 52FE6D7A75EE879925D358E8 /* Pods-BACtrackByDreamTeam2-BACtrackByDreamTeam2UITests.debug.xcconfig */;
			buildSettings = {
				CODE_SIGN_STYLE = Automatic;
				CURRENT_PROJECT_VERSION = 1;
				DEVELOPMENT_TEAM = TNDY7A3H93;
				GENERATE_INFOPLIST_FILE = YES;
				LD_RUNPATH_SEARCH_PATHS = (
					"$(inherited)",
					"@executable_path/Frameworks",
					"@loader_path/Frameworks",
				);
				MARKETING_VERSION = 1.0;
				PRODUCT_BUNDLE_IDENTIFIER = "dream-team.co.jp.bactrack2.BACtrackByDreamTeam2UITests";
				PRODUCT_NAME = "$(TARGET_NAME)";
				SWIFT_EMIT_LOC_STRINGS = NO;
				TARGETED_DEVICE_FAMILY = "1,2";
				TEST_TARGET_NAME = BACtrackByDreamTeam2;
			};
			name = Debug;
		};
		F368C51D27BE165000AE8A0A /* Release */ = {
			isa = XCBuildConfiguration;
			baseConfigurationReference = 5E2DC0FD4AB9D5AA19039E97 /* Pods-BACtrackByDreamTeam2-BACtrackByDreamTeam2UITests.release.xcconfig */;
			buildSettings = {
				CODE_SIGN_STYLE = Automatic;
				CURRENT_PROJECT_VERSION = 1;
				DEVELOPMENT_TEAM = TNDY7A3H93;
				GENERATE_INFOPLIST_FILE = YES;
				LD_RUNPATH_SEARCH_PATHS = (
					"$(inherited)",
					"@executable_path/Frameworks",
					"@loader_path/Frameworks",
				);
				MARKETING_VERSION = 1.0;
				PRODUCT_BUNDLE_IDENTIFIER = "dream-team.co.jp.bactrack2.BACtrackByDreamTeam2UITests";
				PRODUCT_NAME = "$(TARGET_NAME)";
				SWIFT_EMIT_LOC_STRINGS = NO;
				TARGETED_DEVICE_FAMILY = "1,2";
				TEST_TARGET_NAME = BACtrackByDreamTeam2;
			};
			name = Release;
		};
/* End XCBuildConfiguration section */

/* Begin XCConfigurationList section */
		F368C4E127BE164600AE8A0A /* Build configuration list for PBXProject "BACtrackByDreamTeam2" */ = {
			isa = XCConfigurationList;
			buildConfigurations = (
				F368C51327BE165000AE8A0A /* Debug */,
				F368C51427BE165000AE8A0A /* Release */,
			);
			defaultConfigurationIsVisible = 0;
			defaultConfigurationName = Release;
		};
		F368C51527BE165000AE8A0A /* Build configuration list for PBXNativeTarget "BACtrackByDreamTeam2" */ = {
			isa = XCConfigurationList;
			buildConfigurations = (
				F368C51627BE165000AE8A0A /* Debug */,
				F368C51727BE165000AE8A0A /* Release */,
			);
			defaultConfigurationIsVisible = 0;
			defaultConfigurationName = Release;
		};
		F368C51827BE165000AE8A0A /* Build configuration list for PBXNativeTarget "BACtrackByDreamTeam2Tests" */ = {
			isa = XCConfigurationList;
			buildConfigurations = (
				F368C51927BE165000AE8A0A /* Debug */,
				F368C51A27BE165000AE8A0A /* Release */,
			);
			defaultConfigurationIsVisible = 0;
			defaultConfigurationName = Release;
		};
		F368C51B27BE165000AE8A0A /* Build configuration list for PBXNativeTarget "BACtrackByDreamTeam2UITests" */ = {
			isa = XCConfigurationList;
			buildConfigurations = (
				F368C51C27BE165000AE8A0A /* Debug */,
				F368C51D27BE165000AE8A0A /* Release */,
			);
			defaultConfigurationIsVisible = 0;
			defaultConfigurationName = Release;
		};
/* End XCConfigurationList section */

/* Begin XCRemoteSwiftPackageReference section */
		F3A014A92B04AA9000703D8B /* XCRemoteSwiftPackageReference "realm-swift" */ = {
			isa = XCRemoteSwiftPackageReference;
			repositoryURL = "https://github.com/realm/realm-swift.git";
			requirement = {
				branch = master;
				kind = branch;
			};
		};
/* End XCRemoteSwiftPackageReference section */

/* Begin XCSwiftPackageProductDependency section */
		F3AD8E3C2C340B6E001EEDA8 /* RealmSwift */ = {
			isa = XCSwiftPackageProductDependency;
			package = F3A014A92B04AA9000703D8B /* XCRemoteSwiftPackageReference "realm-swift" */;
			productName = RealmSwift;
		};
/* End XCSwiftPackageProductDependency section */
	};
	rootObject = F368C4DE27BE164600AE8A0A /* Project object */;
}
